<Solution>
  <Folder Name="/src/">
    <Project Path="src/MightDo.Core/MightDo.Core.csproj" />
  </Folder>
  <Folder Name="/tests/">
    <Project Path="tests/MightDo.Core.Tests/MightDo.Core.Tests.csproj" />
  </Folder>
  <Folder Name="/tools/">
    <Project Path="tools/MightDo.FixtureWriter/MightDo.FixtureWriter.csproj" />
  </Folder>
</Solution>
